
Microsoft Visual Studio Solution File, Format Version 12.00
# Visual Studio Version 16
VisualStudioVersion = 16.0.31911.196
MinimumVisualStudioVersion = 10.0.40219.1
Project("{2150E333-8FDC-42A3-9474-1A3956D46DE8}") = "1 - Presentation", "1 - Presentation", "{34B437D0-43F2-48A6-852F-442CBA66F284}"
EndProject
Project("{2150E333-8FDC-42A3-9474-1A3956D46DE8}") = "3 - Domain", "3 - Domain", "{81B7C4AA-B278-42BF-886C-65F9902C129B}"
EndProject
Project("{2150E333-8FDC-42A3-9474-1A3956D46DE8}") = "4 - Infrastructure", "4 - Infrastructure", "{3F2FC11E-3E59-4375-9310-F7E95F6A5102}"
EndProject
Project("{2150E333-8FDC-42A3-9474-1A3956D46DE8}") = "4.1 Data", "4.1 Data", "{4BD1B57A-5802-4712-8752-900A6C60DA22}"
EndProject
Project("{9A19103F-16F7-4668-BE54-9A1E7A4F7556}") = "EFCore.Domain", "EntityFrameworkCore.Domain\EFCore.Domain.csproj", "{E84AB80E-1C99-4319-A144-F2EAE5FEE030}"
EndProject
Project("{9A19103F-16F7-4668-BE54-9A1E7A4F7556}") = "EFCore.Business", "EntityFrameworkCore.Business\EFCore.Business.csproj", "{BBDA5029-6CA2-45C2-8A0F-E81C177C16DF}"
EndProject
Project("{9A19103F-16F7-4668-BE54-9A1E7A4F7556}") = "EFCore.Data", "EntityFrameworkCore.Data\EFCore.Data.csproj", "{5AD9258F-F4B1-4467-9F41-40F30DAEA7F8}"
EndProject
Project("{2150E333-8FDC-42A3-9474-1A3956D46DE8}") = "4.2 CrossCutting", "4.2 CrossCutting", "{7D676C51-4459-4BE9-B358-773624FF66E6}"
EndProject
Project("{9A19103F-16F7-4668-BE54-9A1E7A4F7556}") = "EFCore.IoC", "EntityFrameworkCore.IoC\EFCore.IoC.csproj", "{A4FB667D-888A-441B-8C45-D05574F0C42D}"
EndProject
Project("{2150E333-8FDC-42A3-9474-1A3956D46DE8}") = "2 - Application", "2 - Application", "{2F4654C4-3633-416C-A6E5-D2BD6A44B477}"
EndProject
Project("{9A19103F-16F7-4668-BE54-9A1E7A4F7556}") = "EFCore.ServiceApplication", "EntityFrameworkCore.ServiceApplication\EFCore.ServiceApplication.csproj", "{751A2B60-2757-47C1-B1E4-9E5E5EE9CA73}"
EndProject
Project("{2150E333-8FDC-42A3-9474-1A3956D46DE8}") = "5 - Test", "5 - Test", "{D6BF2B32-B900-45AC-9566-FE62518DF43F}"
EndProject
Project("{9A19103F-16F7-4668-BE54-9A1E7A4F7556}") = "EFCore.Test", "EntityFrameworkCore.Test\EFCore.Test.csproj", "{625B4B4F-C856-4914-A4F5-7DDFE7A0CA64}"
EndProject
Project("{9A19103F-16F7-4668-BE54-9A1E7A4F7556}") = "EFCore.API", "EFCore.API\EFCore.API.csproj", "{8CE87424-245E-4833-8D03-AE746CB05255}"
EndProject
Global
	GlobalSection(SolutionConfigurationPlatforms) = preSolution
		Debug|Any CPU = Debug|Any CPU
		Release|Any CPU = Release|Any CPU
	EndGlobalSection
	GlobalSection(ProjectConfigurationPlatforms) = postSolution
		{E84AB80E-1C99-4319-A144-F2EAE5FEE030}.Debug|Any CPU.ActiveCfg = Debug|Any CPU
		{E84AB80E-1C99-4319-A144-F2EAE5FEE030}.Debug|Any CPU.Build.0 = Debug|Any CPU
		{E84AB80E-1C99-4319-A144-F2EAE5FEE030}.Release|Any CPU.ActiveCfg = Release|Any CPU
		{E84AB80E-1C99-4319-A144-F2EAE5FEE030}.Release|Any CPU.Build.0 = Release|Any CPU
		{BBDA5029-6CA2-45C2-8A0F-E81C177C16DF}.Debug|Any CPU.ActiveCfg = Debug|Any CPU
		{BBDA5029-6CA2-45C2-8A0F-E81C177C16DF}.Debug|Any CPU.Build.0 = Debug|Any CPU
		{BBDA5029-6CA2-45C2-8A0F-E81C177C16DF}.Release|Any CPU.ActiveCfg = Release|Any CPU
		{BBDA5029-6CA2-45C2-8A0F-E81C177C16DF}.Release|Any CPU.Build.0 = Release|Any CPU
		{5AD9258F-F4B1-4467-9F41-40F30DAEA7F8}.Debug|Any CPU.ActiveCfg = Debug|Any CPU
		{5AD9258F-F4B1-4467-9F41-40F30DAEA7F8}.Debug|Any CPU.Build.0 = Debug|Any CPU
		{5AD9258F-F4B1-4467-9F41-40F30DAEA7F8}.Release|Any CPU.ActiveCfg = Release|Any CPU
		{5AD9258F-F4B1-4467-9F41-40F30DAEA7F8}.Release|Any CPU.Build.0 = Release|Any CPU
		{A4FB667D-888A-441B-8C45-D05574F0C42D}.Debug|Any CPU.ActiveCfg = Debug|Any CPU
		{A4FB667D-888A-441B-8C45-D05574F0C42D}.Debug|Any CPU.Build.0 = Debug|Any CPU
		{A4FB667D-888A-441B-8C45-D05574F0C42D}.Release|Any CPU.ActiveCfg = Release|Any CPU
		{A4FB667D-888A-441B-8C45-D05574F0C42D}.Release|Any CPU.Build.0 = Release|Any CPU
		{751A2B60-2757-47C1-B1E4-9E5E5EE9CA73}.Debug|Any CPU.ActiveCfg = Debug|Any CPU
		{751A2B60-2757-47C1-B1E4-9E5E5EE9CA73}.Debug|Any CPU.Build.0 = Debug|Any CPU
		{751A2B60-2757-47C1-B1E4-9E5E5EE9CA73}.Release|Any CPU.ActiveCfg = Release|Any CPU
		{751A2B60-2757-47C1-B1E4-9E5E5EE9CA73}.Release|Any CPU.Build.0 = Release|Any CPU
		{625B4B4F-C856-4914-A4F5-7DDFE7A0CA64}.Debug|Any CPU.ActiveCfg = Debug|Any CPU
		{625B4B4F-C856-4914-A4F5-7DDFE7A0CA64}.Debug|Any CPU.Build.0 = Debug|Any CPU
		{625B4B4F-C856-4914-A4F5-7DDFE7A0CA64}.Release|Any CPU.ActiveCfg = Release|Any CPU
		{625B4B4F-C856-4914-A4F5-7DDFE7A0CA64}.Release|Any CPU.Build.0 = Release|Any CPU
		{8CE87424-245E-4833-8D03-AE746CB05255}.Debug|Any CPU.ActiveCfg = Debug|Any CPU
		{8CE87424-245E-4833-8D03-AE746CB05255}.Debug|Any CPU.Build.0 = Debug|Any CPU
		{8CE87424-245E-4833-8D03-AE746CB05255}.Release|Any CPU.ActiveCfg = Release|Any CPU
		{8CE87424-245E-4833-8D03-AE746CB05255}.Release|Any CPU.Build.0 = Release|Any CPU
	EndGlobalSection
	GlobalSection(SolutionProperties) = preSolution
		HideSolutionNode = FALSE
	EndGlobalSection
	GlobalSection(NestedProjects) = preSolution
		{4BD1B57A-5802-4712-8752-900A6C60DA22} = {3F2FC11E-3E59-4375-9310-F7E95F6A5102}
		{E84AB80E-1C99-4319-A144-F2EAE5FEE030} = {81B7C4AA-B278-42BF-886C-65F9902C129B}
		{BBDA5029-6CA2-45C2-8A0F-E81C177C16DF} = {81B7C4AA-B278-42BF-886C-65F9902C129B}
		{5AD9258F-F4B1-4467-9F41-40F30DAEA7F8} = {4BD1B57A-5802-4712-8752-900A6C60DA22}
		{7D676C51-4459-4BE9-B358-773624FF66E6} = {3F2FC11E-3E59-4375-9310-F7E95F6A5102}
		{A4FB667D-888A-441B-8C45-D05574F0C42D} = {7D676C51-4459-4BE9-B358-773624FF66E6}
		{751A2B60-2757-47C1-B1E4-9E5E5EE9CA73} = {2F4654C4-3633-416C-A6E5-D2BD6A44B477}
		{625B4B4F-C856-4914-A4F5-7DDFE7A0CA64} = {D6BF2B32-B900-45AC-9566-FE62518DF43F}
		{8CE87424-245E-4833-8D03-AE746CB05255} = {34B437D0-43F2-48A6-852F-442CBA66F284}
	EndGlobalSection
	GlobalSection(ExtensibilityGlobals) = postSolution
		SolutionGuid = {1A066FDF-B0D9-4B96-B9AE-F1B1745CA0B9}
	EndGlobalSection
EndGlobal
